
Microsoft Visual Studio Solution File, Format Version 12.00
# Visual Studio 15
VisualStudioVersion = 15.0.28307.168
MinimumVisualStudioVersion = 10.0.40219.1
Project("{FAE04EC0-301F-11D3-BF4B-00C04F79EFBC}") = "WasySender_2_0", "WasySender_2_0\WasySender_2_0.csproj", "{B0A3B91A-14A0-4E3E-BD30-2B4D5BC287CF}"
EndProject
Global
	GlobalSection(SolutionConfigurationPlatforms) = preSolution
		Debug|Any CPU = Debug|Any CPU
		Release|Any CPU = Release|Any CPU
	EndGlobalSection
	GlobalSection(ProjectConfigurationPlatforms) = postSolution
		{B0A3B91A-14A0-4E3E-BD30-2B4D5BC287CF}.Debug|Any CPU.ActiveCfg = Debug|Any CPU
		{B0A3B91A-14A0-4E3E-BD30-2B4D5BC287CF}.Debug|Any CPU.Build.0 = Debug|Any CPU
		{B0A3B91A-14A0-4E3E-BD30-2B4D5BC287CF}.Release|Any CPU.ActiveCfg = Release|Any CPU
		{B0A3B91A-14A0-4E3E-BD30-2B4D5BC287CF}.Release|Any CPU.Build.0 = Release|Any CPU
	EndGlobalSection
	GlobalSection(SolutionProperties) = preSolution
		HideSolutionNode = FALSE
	EndGlobalSection
	GlobalSection(ExtensibilityGlobals) = postSolution
		SolutionGuid = {7E3579A6-38B8-48B4-B1A5-2D595FCD0E58}
	EndGlobalSection
EndGlobal
